// !$*UTF8*$!
{
	archiveVersion = 1;
	classes = {
	};
	objectVersion = 46;
	objects = {

/* Begin PBXBuildFile section */
		79044EEA1D572FCE008F3B68 /* main.m in Sources */ = {isa = PBXBuildFile; fileRef = 79044EE91D572FCE008F3B68 /* main.m */; };
		79044EED1D572FCE008F3B68 /* AppDelegate.m in Sources */ = {isa = PBXBuildFile; fileRef = 79044EEC1D572FCE008F3B68 /* AppDelegate.m */; };
		79044EF31D572FCE008F3B68 /* Main.storyboard in Resources */ = {isa = PBXBuildFile; fileRef = 79044EF11D572FCE008F3B68 /* Main.storyboard */; };
		79044EF51D572FCE008F3B68 /* Assets.xcassets in Resources */ = {isa = PBXBuildFile; fileRef = 79044EF41D572FCE008F3B68 /* Assets.xcassets */; };
		79044EF81D572FCE008F3B68 /* LaunchScreen.storyboard in Resources */ = {isa = PBXBuildFile; fileRef = 79044EF61D572FCE008F3B68 /* LaunchScreen.storyboard */; };
		79044F031D572FCE008F3B68 /* EachBoxTests.m in Sources */ = {isa = PBXBuildFile; fileRef = 79044F021D572FCE008F3B68 /* EachBoxTests.m */; };
		79044F0E1D572FCE008F3B68 /* EachBoxUITests.m in Sources */ = {isa = PBXBuildFile; fileRef = 79044F0D1D572FCE008F3B68 /* EachBoxUITests.m */; };
		79044F1D1D573020008F3B68 /* MainTableViewController.m in Sources */ = {isa = PBXBuildFile; fileRef = 79044F1C1D573020008F3B68 /* MainTableViewController.m */; };
/* End PBXBuildFile section */

/* Begin PBXContainerItemProxy section */
		79044EFF1D572FCE008F3B68 /* PBXContainerItemProxy */ = {
			isa = PBXContainerItemProxy;
			containerPortal = 79044EDD1D572FCE008F3B68 /* Project object */;
			proxyType = 1;
			remoteGlobalIDString = 79044EE41D572FCE008F3B68;
			remoteInfo = EachBox;
		};
		79044F0A1D572FCE008F3B68 /* PBXContainerItemProxy */ = {
			isa = PBXContainerItemProxy;
			containerPortal = 79044EDD1D572FCE008F3B68 /* Project object */;
			proxyType = 1;
			remoteGlobalIDString = 79044EE41D572FCE008F3B68;
			remoteInfo = EachBox;
		};
/* End PBXContainerItemProxy section */

/* Begin PBXFileReference section */
		79044EE51D572FCE008F3B68 /* EachBox.app */ = {isa = PBXFileReference; explicitFileType = wrapper.application; includeInIndex = 0; path = EachBox.app; sourceTree = BUILT_PRODUCTS_DIR; };
		79044EE91D572FCE008F3B68 /* main.m */ = {isa = PBXFileReference; lastKnownFileType = sourcecode.c.objc; path = main.m; sourceTree = "<group>"; };
		79044EEB1D572FCE008F3B68 /* AppDelegate.h */ = {isa = PBXFileReference; lastKnownFileType = sourcecode.c.h; path = AppDelegate.h; sourceTree = "<group>"; };
		79044EEC1D572FCE008F3B68 /* AppDelegate.m */ = {isa = PBXFileReference; lastKnownFileType = sourcecode.c.objc; path = AppDelegate.m; sourceTree = "<group>"; };
		79044EF21D572FCE008F3B68 /* Base */ = {isa = PBXFileReference; lastKnownFileType = file.storyboard; name = Base; path = Base.lproj/Main.storyboard; sourceTree = "<group>"; };
		79044EF41D572FCE008F3B68 /* Assets.xcassets */ = {isa = PBXFileReference; lastKnownFileType = folder.assetcatalog; path = Assets.xcassets; sourceTree = "<group>"; };
		79044EF71D572FCE008F3B68 /* Base */ = {isa = PBXFileReference; lastKnownFileType = file.storyboard; name = Base; path = Base.lproj/LaunchScreen.storyboard; sourceTree = "<group>"; };
		79044EF91D572FCE008F3B68 /* Info.plist */ = {isa = PBXFileReference; lastKnownFileType = text.plist.xml; path = Info.plist; sourceTree = "<group>"; };
		79044EFE1D572FCE008F3B68 /* EachBoxTests.xctest */ = {isa = PBXFileReference; explicitFileType = wrapper.cfbundle; includeInIndex = 0; path = EachBoxTests.xctest; sourceTree = BUILT_PRODUCTS_DIR; };
		79044F021D572FCE008F3B68 /* EachBoxTests.m */ = {isa = PBXFileReference; lastKnownFileType = sourcecode.c.objc; path = EachBoxTests.m; sourceTree = "<group>"; };
		79044F041D572FCE008F3B68 /* Info.plist */ = {isa = PBXFileReference; lastKnownFileType = text.plist.xml; path = Info.plist; sourceTree = "<group>"; };
		79044F091D572FCE008F3B68 /* EachBoxUITests.xctest */ = {isa = PBXFileReference; explicitFileType = wrapper.cfbundle; includeInIndex = 0; path = EachBoxUITests.xctest; sourceTree = BUILT_PRODUCTS_DIR; };
		79044F0D1D572FCE008F3B68 /* EachBoxUITests.m */ = {isa = PBXFileReference; lastKnownFileType = sourcecode.c.objc; path = EachBoxUITests.m; sourceTree = "<group>"; };
		79044F0F1D572FCE008F3B68 /* Info.plist */ = {isa = PBXFileReference; lastKnownFileType = text.plist.xml; path = Info.plist; sourceTree = "<group>"; };
		79044F1B1D573020008F3B68 /* MainTableViewController.h */ = {isa = PBXFileReference; fileEncoding = 4; lastKnownFileType = sourcecode.c.h; path = MainTableViewController.h; sourceTree = "<group>"; };
		79044F1C1D573020008F3B68 /* MainTableViewController.m */ = {isa = PBXFileReference; fileEncoding = 4; lastKnownFileType = sourcecode.c.objc; path = MainTableViewController.m; sourceTree = "<group>"; };
/* End PBXFileReference section */

/* Begin PBXFrameworksBuildPhase section */
		79044EE21D572FCE008F3B68 /* Frameworks */ = {
			isa = PBXFrameworksBuildPhase;
			buildActionMask = 2147483647;
			files = (
			);
			runOnlyForDeploymentPostprocessing = 0;
		};
		79044EFB1D572FCE008F3B68 /* Frameworks */ = {
			isa = PBXFrameworksBuildPhase;
			buildActionMask = 2147483647;
			files = (
			);
			runOnlyForDeploymentPostprocessing = 0;
		};
		79044F061D572FCE008F3B68 /* Frameworks */ = {
			isa = PBXFrameworksBuildPhase;
			buildActionMask = 2147483647;
			files = (
			);
			runOnlyForDeploymentPostprocessing = 0;
		};
/* End PBXFrameworksBuildPhase section */

/* Begin PBXGroup section */
		79044EDC1D572FCE008F3B68 = {
			isa = PBXGroup;
			children = (
				79044EE71D572FCE008F3B68 /* EachBox */,
				79044F011D572FCE008F3B68 /* EachBoxTests */,
				79044F0C1D572FCE008F3B68 /* EachBoxUITests */,
				79044EE61D572FCE008F3B68 /* Products */,
			);
			sourceTree = "<group>";
		};
		79044EE61D572FCE008F3B68 /* Products */ = {
			isa = PBXGroup;
			children = (
				79044EE51D572FCE008F3B68 /* EachBox.app */,
				79044EFE1D572FCE008F3B68 /* EachBoxTests.xctest */,
				79044F091D572FCE008F3B68 /* EachBoxUITests.xctest */,
			);
			name = Products;
			sourceTree = "<group>";
		};
		79044EE71D572FCE008F3B68 /* EachBox */ = {
			isa = PBXGroup;
			children = (
				79044EEB1D572FCE008F3B68 /* AppDelegate.h */,
				79044EEC1D572FCE008F3B68 /* AppDelegate.m */,
				79044F1B1D573020008F3B68 /* MainTableViewController.h */,
				79044F1C1D573020008F3B68 /* MainTableViewController.m */,
				79044EF11D572FCE008F3B68 /* Main.storyboard */,
				79044EF41D572FCE008F3B68 /* Assets.xcassets */,
				79044EF61D572FCE008F3B68 /* LaunchScreen.storyboard */,
				79044EF91D572FCE008F3B68 /* Info.plist */,
				79044EE81D572FCE008F3B68 /* Supporting Files */,
			);
			path = EachBox;
			sourceTree = "<group>";
		};
		79044EE81D572FCE008F3B68 /* Supporting Files */ = {
			isa = PBXGroup;
			children = (
				79044EE91D572FCE008F3B68 /* main.m */,
			);
			name = "Supporting Files";
			sourceTree = "<group>";
		};
		79044F011D572FCE008F3B68 /* EachBoxTests */ = {
			isa = PBXGroup;
			children = (
				79044F021D572FCE008F3B68 /* EachBoxTests.m */,
				79044F041D572FCE008F3B68 /* Info.plist */,
			);
			path = EachBoxTests;
			sourceTree = "<group>";
		};
		79044F0C1D572FCE008F3B68 /* EachBoxUITests */ = {
			isa = PBXGroup;
			children = (
				79044F0D1D572FCE008F3B68 /* EachBoxUITests.m */,
				79044F0F1D572FCE008F3B68 /* Info.plist */,
			);
			path = EachBoxUITests;
			sourceTree = "<group>";
		};
/* End PBXGroup section */

/* Begin PBXNativeTarget section */
		79044EE41D572FCE008F3B68 /* EachBox */ = {
			isa = PBXNativeTarget;
			buildConfigurationList = 79044F121D572FCE008F3B68 /* Build configuration list for PBXNativeTarget "EachBox" */;
			buildPhases = (
				79044EE11D572FCE008F3B68 /* Sources */,
				79044EE21D572FCE008F3B68 /* Frameworks */,
				79044EE31D572FCE008F3B68 /* Resources */,
			);
			buildRules = (
			);
			dependencies = (
			);
			name = EachBox;
			productName = EachBox;
			productReference = 79044EE51D572FCE008F3B68 /* EachBox.app */;
			productType = "com.apple.product-type.application";
		};
		79044EFD1D572FCE008F3B68 /* EachBoxTests */ = {
			isa = PBXNativeTarget;
			buildConfigurationList = 79044F151D572FCE008F3B68 /* Build configuration list for PBXNativeTarget "EachBoxTests" */;
			buildPhases = (
				79044EFA1D572FCE008F3B68 /* Sources */,
				79044EFB1D572FCE008F3B68 /* Frameworks */,
				79044EFC1D572FCE008F3B68 /* Resources */,
			);
			buildRules = (
			);
			dependencies = (
				79044F001D572FCE008F3B68 /* PBXTargetDependency */,
			);
			name = EachBoxTests;
			productName = EachBoxTests;
			productReference = 79044EFE1D572FCE008F3B68 /* EachBoxTests.xctest */;
			productType = "com.apple.product-type.bundle.unit-test";
		};
		79044F081D572FCE008F3B68 /* EachBoxUITests */ = {
			isa = PBXNativeTarget;
			buildConfigurationList = 79044F181D572FCE008F3B68 /* Build configuration list for PBXNativeTarget "EachBoxUITests" */;
			buildPhases = (
				79044F051D572FCE008F3B68 /* Sources */,
				79044F061D572FCE008F3B68 /* Frameworks */,
				79044F071D572FCE008F3B68 /* Resources */,
			);
			buildRules = (
			);
			dependencies = (
				79044F0B1D572FCE008F3B68 /* PBXTargetDependency */,
			);
			name = EachBoxUITests;
			productName = EachBoxUITests;
			productReference = 79044F091D572FCE008F3B68 /* EachBoxUITests.xctest */;
			productType = "com.apple.product-type.bundle.ui-testing";
		};
/* End PBXNativeTarget section */

/* Begin PBXProject section */
		79044EDD1D572FCE008F3B68 /* Project object */ = {
			isa = PBXProject;
			attributes = {
				LastUpgradeCheck = 0730;
				ORGANIZATIONNAME = wdx;
				TargetAttributes = {
					79044EE41D572FCE008F3B68 = {
						CreatedOnToolsVersion = 7.3.1;
					};
					79044EFD1D572FCE008F3B68 = {
						CreatedOnToolsVersion = 7.3.1;
						TestTargetID = 79044EE41D572FCE008F3B68;
					};
					79044F081D572FCE008F3B68 = {
						CreatedOnToolsVersion = 7.3.1;
						TestTargetID = 79044EE41D572FCE008F3B68;
					};
				};
			};
			buildConfigurationList = 79044EE01D572FCE008F3B68 /* Build configuration list for PBXProject "EachBox" */;
			compatibilityVersion = "Xcode 3.2";
			developmentRegion = English;
			hasScannedForEncodings = 0;
			knownRegions = (
				en,
				Base,
			);
			mainGroup = 79044EDC1D572FCE008F3B68;
			productRefGroup = 79044EE61D572FCE008F3B68 /* Products */;
			projectDirPath = "";
			projectRoot = "";
			targets = (
				79044EE41D572FCE008F3B68 /* EachBox */,
				79044EFD1D572FCE008F3B68 /* EachBoxTests */,
				79044F081D572FCE008F3B68 /* EachBoxUITests */,
			);
		};
/* End PBXProject section */

/* Begin PBXResourcesBuildPhase section */
		79044EE31D572FCE008F3B68 /* Resources */ = {
			isa = PBXResourcesBuildPhase;
			buildActionMask = 2147483647;
			files = (
				79044EF81D572FCE008F3B68 /* LaunchScreen.storyboard in Resources */,
				79044EF51D572FCE008F3B68 /* Assets.xcassets in Resources */,
				79044EF31D572FCE008F3B68 /* Main.storyboard in Resources */,
			);
			runOnlyForDeploymentPostprocessing = 0;
		};
		79044EFC1D572FCE008F3B68 /* Resources */ = {
			isa = PBXResourcesBuildPhase;
			buildActionMask = 2147483647;
			files = (
			);
			runOnlyForDeploymentPostprocessing = 0;
		};
		79044F071D572FCE008F3B68 /* Resources */ = {
			isa = PBXResourcesBuildPhase;
			buildActionMask = 2147483647;
			files = (
			);
			runOnlyForDeploymentPostprocessing = 0;
		};
/* End PBXResourcesBuildPhase section */

/* Begin PBXSourcesBuildPhase section */
		79044EE11D572FCE008F3B68 /* Sources */ = {
			isa = PBXSourcesBuildPhase;
			buildActionMask = 2147483647;
			files = (
				79044EED1D572FCE008F3B68 /* AppDelegate.m in Sources */,
				79044EEA1D572FCE008F3B68 /* main.m in Sources */,
				79044F1D1D573020008F3B68 /* MainTableViewController.m in Sources */,
			);
			runOnlyForDeploymentPostprocessing = 0;
		};
		79044EFA1D572FCE008F3B68 /* Sources */ = {
			isa = PBXSourcesBuildPhase;
			buildActionMask = 2147483647;
			files = (
				79044F031D572FCE008F3B68 /* EachBoxTests.m in Sources */,
			);
			runOnlyForDeploymentPostprocessing = 0;
		};
		79044F051D572FCE008F3B68 /* Sources */ = {
			isa = PBXSourcesBuildPhase;
			buildActionMask = 2147483647;
			files = (
				79044F0E1D572FCE008F3B68 /* EachBoxUITests.m in Sources */,
			);
			runOnlyForDeploymentPostprocessing = 0;
		};
/* End PBXSourcesBuildPhase section */

/* Begin PBXTargetDependency section */
		79044F001D572FCE008F3B68 /* PBXTargetDependency */ = {
			isa = PBXTargetDependency;
			target = 79044EE41D572FCE008F3B68 /* EachBox */;
			targetProxy = 79044EFF1D572FCE008F3B68 /* PBXContainerItemProxy */;
		};
		79044F0B1D572FCE008F3B68 /* PBXTargetDependency */ = {
			isa = PBXTargetDependency;
			target = 79044EE41D572FCE008F3B68 /* EachBox */;
			targetProxy = 79044F0A1D572FCE008F3B68 /* PBXContainerItemProxy */;
		};
/* End PBXTargetDependency section */

/* Begin PBXVariantGroup section */
		79044EF11D572FCE008F3B68 /* Main.storyboard */ = {
			isa = PBXVariantGroup;
			children = (
				79044EF21D572FCE008F3B68 /* Base */,
			);
			name = Main.storyboard;
			sourceTree = "<group>";
		};
		79044EF61D572FCE008F3B68 /* LaunchScreen.storyboard */ = {
			isa = PBXVariantGroup;
			children = (
				79044EF71D572FCE008F3B68 /* Base */,
			);
			name = LaunchScreen.storyboard;
			sourceTree = "<group>";
		};
/* End PBXVariantGroup section */

/* Begin XCBuildConfiguration section */
		79044F101D572FCE008F3B68 /* Debug */ = {
			isa = XCBuildConfiguration;
			buildSettings = {
				ALWAYS_SEARCH_USER_PATHS = NO;
				CLANG_ANALYZER_NONNULL = YES;
				CLANG_CXX_LANGUAGE_STANDARD = "gnu++0x";
				CLANG_CXX_LIBRARY = "libc++";
				CLANG_ENABLE_MODULES = YES;
				CLANG_ENABLE_OBJC_ARC = YES;
				CLANG_WARN_BOOL_CONVERSION = YES;
				CLANG_WARN_CONSTANT_CONVERSION = YES;
				CLANG_WARN_DIRECT_OBJC_ISA_USAGE = YES_ERROR;
				CLANG_WARN_EMPTY_BODY = YES;
				CLANG_WARN_ENUM_CONVERSION = YES;
				CLANG_WARN_INT_CONVERSION = YES;
				CLANG_WARN_OBJC_ROOT_CLASS = YES_ERROR;
				CLANG_WARN_UNREACHABLE_CODE = YES;
				CLANG_WARN__DUPLICATE_METHOD_MATCH = YES;
				"CODE_SIGN_IDENTITY[sdk=iphoneos*]" = "iPhone Developer";
				COPY_PHASE_STRIP = NO;
				DEBUG_INFORMATION_FORMAT = dwarf;
				ENABLE_STRICT_OBJC_MSGSEND = YES;
				ENABLE_TESTABILITY = YES;
				GCC_C_LANGUAGE_STANDARD = gnu99;
				GCC_DYNAMIC_NO_PIC = NO;
				GCC_NO_COMMON_BLOCKS = YES;
				GCC_OPTIMIZATION_LEVEL = 0;
				GCC_PREPROCESSOR_DEFINITIONS = (
					"DEBUG=1",
					"$(inherited)",
				);
				GCC_WARN_64_TO_32_BIT_CONVERSION = YES;
				GCC_WARN_ABOUT_RETURN_TYPE = YES_ERROR;
				GCC_WARN_UNDECLARED_SELECTOR = YES;
				GCC_WARN_UNINITIALIZED_AUTOS = YES_AGGRESSIVE;
				GCC_WARN_UNUSED_FUNCTION = YES;
				GCC_WARN_UNUSED_VARIABLE = YES;
				IPHONEOS_DEPLOYMENT_TARGET = 9.3;
				MTL_ENABLE_DEBUG_INFO = YES;
				ONLY_ACTIVE_ARCH = YES;
				SDKROOT = iphoneos;
				TARGETED_DEVICE_FAMILY = "1,2";
			};
			name = Debug;
		};
		79044F111D572FCE008F3B68 /* Release */ = {
			isa = XCBuildConfiguration;
			buildSettings = {
				ALWAYS_SEARCH_USER_PATHS = NO;
				CLANG_ANALYZER_NONNULL = YES;
				CLANG_CXX_LANGUAGE_STANDARD = "gnu++0x";
				CLANG_CXX_LIBRARY = "libc++";
				CLANG_ENABLE_MODULES = YES;
				CLANG_ENABLE_OBJC_ARC = YES;
				CLANG_WARN_BOOL_CONVERSION = YES;
				CLANG_WARN_CONSTANT_CONVERSION = YES;
				CLANG_WARN_DIRECT_OBJC_ISA_USAGE = YES_ERROR;
				CLANG_WARN_EMPTY_BODY = YES;
				CLANG_WARN_ENUM_CONVERSION = YES;
				CLANG_WARN_INT_CONVERSION = YES;
				CLANG_WARN_OBJC_ROOT_CLASS = YES_ERROR;
				CLANG_WARN_UNREACHABLE_CODE = YES;
				CLANG_WARN__DUPLICATE_METHOD_MATCH = YES;
				"CODE_SIGN_IDENTITY[sdk=iphoneos*]" = "iPhone Developer";
				COPY_PHASE_STRIP = NO;
				DEBUG_INFORMATION_FORMAT = "dwarf-with-dsym";
				ENABLE_NS_ASSERTIONS = NO;
				ENABLE_STRICT_OBJC_MSGSEND = YES;
				GCC_C_LANGUAGE_STANDARD = gnu99;
				GCC_NO_COMMON_BLOCKS = YES;
				GCC_WARN_64_TO_32_BIT_CONVERSION = YES;
				GCC_WARN_ABOUT_RETURN_TYPE = YES_ERROR;
				GCC_WARN_UNDECLARED_SELECTOR = YES;
				GCC_WARN_UNINITIALIZED_AUTOS = YES_AGGRESSIVE;
				GCC_WARN_UNUSED_FUNCTION = YES;
				GCC_WARN_UNUSED_VARIABLE = YES;
				IPHONEOS_DEPLOYMENT_TARGET = 9.3;
				MTL_ENABLE_DEBUG_INFO = NO;
				SDKROOT = iphoneos;
				TARGETED_DEVICE_FAMILY = "1,2";
				VALIDATE_PRODUCT = YES;
			};
			name = Release;
		};
		79044F131D572FCE008F3B68 /* Debug */ = {
			isa = XCBuildConfiguration;
			buildSettings = {
				ASSETCATALOG_COMPILER_APPICON_NAME = AppIcon;
				INFOPLIST_FILE = EachBox/Info.plist;
				LD_RUNPATH_SEARCH_PATHS = "$(inherited) @executable_path/Frameworks";
				PRODUCT_BUNDLE_IDENTIFIER = wang.EachBox;
				PRODUCT_NAME = "$(TARGET_NAME)";
			};
			name = Debug;
		};
		79044F141D572FCE008F3B68 /* Release */ = {
			isa = XCBuildConfiguration;
			buildSettings = {
				ASSETCATALOG_COMPILER_APPICON_NAME = AppIcon;
				INFOPLIST_FILE = EachBox/Info.plist;
				LD_RUNPATH_SEARCH_PATHS = "$(inherited) @executable_path/Frameworks";
				PRODUCT_BUNDLE_IDENTIFIER = wang.EachBox;
				PRODUCT_NAME = "$(TARGET_NAME)";
			};
			name = Release;
		};
		79044F161D572FCE008F3B68 /* Debug */ = {
			isa = XCBuildConfiguration;
			buildSettings = {
				BUNDLE_LOADER = "$(TEST_HOST)";
				INFOPLIST_FILE = EachBoxTests/Info.plist;
				LD_RUNPATH_SEARCH_PATHS = "$(inherited) @executable_path/Frameworks @loader_path/Frameworks";
				PRODUCT_BUNDLE_IDENTIFIER = wang.EachBoxTests;
				PRODUCT_NAME = "$(TARGET_NAME)";
				TEST_HOST = "$(BUILT_PRODUCTS_DIR)/EachBox.app/EachBox";
			};
			name = Debug;
		};
		79044F171D572FCE008F3B68 /* Release */ = {
			isa = XCBuildConfiguration;
			buildSettings = {
				BUNDLE_LOADER = "$(TEST_HOST)";
				INFOPLIST_FILE = EachBoxTests/Info.plist;
				LD_RUNPATH_SEARCH_PATHS = "$(inherited) @executable_path/Frameworks @loader_path/Frameworks";
				PRODUCT_BUNDLE_IDENTIFIER = wang.EachBoxTests;
				PRODUCT_NAME = "$(TARGET_NAME)";
				TEST_HOST = "$(BUILT_PRODUCTS_DIR)/EachBox.app/EachBox";
			};
			name = Release;
		};
		79044F191D572FCE008F3B68 /* Debug */ = {
			isa = XCBuildConfiguration;
			buildSettings = {
				INFOPLIST_FILE = EachBoxUITests/Info.plist;
				LD_RUNPATH_SEARCH_PATHS = "$(inherited) @executable_path/Frameworks @loader_path/Frameworks";
				PRODUCT_BUNDLE_IDENTIFIER = wang.EachBoxUITests;
				PRODUCT_NAME = "$(TARGET_NAME)";
				TEST_TARGET_NAME = EachBox;
			};
			name = Debug;
		};
		79044F1A1D572FCE008F3B68 /* Release */ = {
			isa = XCBuildConfiguration;
			buildSettings = {
				INFOPLIST_FILE = EachBoxUITests/Info.plist;
				LD_RUNPATH_SEARCH_PATHS = "$(inherited) @executable_path/Frameworks @loader_path/Frameworks";
				PRODUCT_BUNDLE_IDENTIFIER = wang.EachBoxUITests;
				PRODUCT_NAME = "$(TARGET_NAME)";
				TEST_TARGET_NAME = EachBox;
			};
			name = Release;
		};
/* End XCBuildConfiguration section */

/* Begin XCConfigurationList section */
		79044EE01D572FCE008F3B68 /* Build configuration list for PBXProject "EachBox" */ = {
			isa = XCConfigurationList;
			buildConfigurations = (
				79044F101D572FCE008F3B68 /* Debug */,
				79044F111D572FCE008F3B68 /* Release */,
			);
			defaultConfigurationIsVisible = 0;
			defaultConfigurationName = Release;
		};
		79044F121D572FCE008F3B68 /* Build configuration list for PBXNativeTarget "EachBox" */ = {
			isa = XCConfigurationList;
			buildConfigurations = (
				79044F131D572FCE008F3B68 /* Debug */,
				79044F141D572FCE008F3B68 /* Release */,
			);
			defaultConfigurationIsVisible = 0;
		};
		79044F151D572FCE008F3B68 /* Build configuration list for PBXNativeTarget "EachBoxTests" */ = {
			isa = XCConfigurationList;
			buildConfigurations = (
				79044F161D572FCE008F3B68 /* Debug */,
				79044F171D572FCE008F3B68 /* Release */,
			);
			defaultConfigurationIsVisible = 0;
		};
		79044F181D572FCE008F3B68 /* Build configuration list for PBXNativeTarget "EachBoxUITests" */ = {
			isa = XCConfigurationList;
			buildConfigurations = (
				79044F191D572FCE008F3B68 /* Debug */,
				79044F1A1D572FCE008F3B68 /* Release */,
			);
			defaultConfigurationIsVisible = 0;
		};
/* End XCConfigurationList section */
	};
	rootObject = 79044EDD1D572FCE008F3B68 /* Project object */;
}
